
Microsoft Visual Studio Solution File, Format Version 12.00
# Visual Studio Version 16
VisualStudioVersion = 16.0.31205.134
MinimumVisualStudioVersion = 10.0.40219.1
Project("{9A19103F-16F7-4668-BE54-9A1E7A4F7556}") = "PaymentGateway", "src\PaymentGateway\PaymentGateway.csproj", "{5C793940-5641-4442-B593-23D1D5EE8D68}"
EndProject
Project("{2150E333-8FDC-42A3-9474-1A3956D46DE8}") = "src", "src", "{BDA78E42-1F8C-4AAE-AC51-BC00DEF355DC}"
EndProject
Project("{2150E333-8FDC-42A3-9474-1A3956D46DE8}") = "test", "test", "{178618C1-501F-47C6-AE9A-B27571DB7BE3}"
EndProject
Project("{2150E333-8FDC-42A3-9474-1A3956D46DE8}") = "lib", "lib", "{E11947B1-63A0-40D8-899C-8312AFE0B55F}"
EndProject
Project("{9A19103F-16F7-4668-BE54-9A1E7A4F7556}") = "DapperWrapper", "lib\DapperWrapper\DapperWrapper.csproj", "{4B57C3C6-8C4F-4F1B-A22F-840AFA4CDC0D}"
EndProject
Project("{FAE04EC0-301F-11D3-BF4B-00C04F79EFBC}") = "CommonModels", "lib\CommonModels\CommonModels.csproj", "{A7A0C9F1-1D47-4293-9F54-C5C118BA020B}"
EndProject
Global
	GlobalSection(SolutionConfigurationPlatforms) = preSolution
		Debug|Any CPU = Debug|Any CPU
		Release|Any CPU = Release|Any CPU
	EndGlobalSection
	GlobalSection(ProjectConfigurationPlatforms) = postSolution
		{5C793940-5641-4442-B593-23D1D5EE8D68}.Debug|Any CPU.ActiveCfg = Debug|Any CPU
		{5C793940-5641-4442-B593-23D1D5EE8D68}.Debug|Any CPU.Build.0 = Debug|Any CPU
		{5C793940-5641-4442-B593-23D1D5EE8D68}.Release|Any CPU.ActiveCfg = Release|Any CPU
		{5C793940-5641-4442-B593-23D1D5EE8D68}.Release|Any CPU.Build.0 = Release|Any CPU
		{4B57C3C6-8C4F-4F1B-A22F-840AFA4CDC0D}.Debug|Any CPU.ActiveCfg = Debug|Any CPU
		{4B57C3C6-8C4F-4F1B-A22F-840AFA4CDC0D}.Debug|Any CPU.Build.0 = Debug|Any CPU
		{4B57C3C6-8C4F-4F1B-A22F-840AFA4CDC0D}.Release|Any CPU.ActiveCfg = Release|Any CPU
		{4B57C3C6-8C4F-4F1B-A22F-840AFA4CDC0D}.Release|Any CPU.Build.0 = Release|Any CPU
		{A7A0C9F1-1D47-4293-9F54-C5C118BA020B}.Debug|Any CPU.ActiveCfg = Debug|Any CPU
		{A7A0C9F1-1D47-4293-9F54-C5C118BA020B}.Debug|Any CPU.Build.0 = Debug|Any CPU
		{A7A0C9F1-1D47-4293-9F54-C5C118BA020B}.Release|Any CPU.ActiveCfg = Release|Any CPU
		{A7A0C9F1-1D47-4293-9F54-C5C118BA020B}.Release|Any CPU.Build.0 = Release|Any CPU
	EndGlobalSection
	GlobalSection(SolutionProperties) = preSolution
		HideSolutionNode = FALSE
	EndGlobalSection
	GlobalSection(NestedProjects) = preSolution
		{5C793940-5641-4442-B593-23D1D5EE8D68} = {BDA78E42-1F8C-4AAE-AC51-BC00DEF355DC}
		{4B57C3C6-8C4F-4F1B-A22F-840AFA4CDC0D} = {E11947B1-63A0-40D8-899C-8312AFE0B55F}
		{A7A0C9F1-1D47-4293-9F54-C5C118BA020B} = {E11947B1-63A0-40D8-899C-8312AFE0B55F}
	EndGlobalSection
	GlobalSection(ExtensibilityGlobals) = postSolution
		SolutionGuid = {D0B2311C-C9C4-42ED-976A-A72066F725CE}
	EndGlobalSection
EndGlobal
